
Microsoft Visual Studio Solution File, Format Version 12.00
# Visual Studio Version 17
VisualStudioVersion = 17.7.34018.315
MinimumVisualStudioVersion = 10.0.40219.1
Project("{FAE04EC0-301F-11D3-BF4B-00C04F79EFBC}") = "PDC60Module02.Android", "PDC60Module02\PDC60Module02.Android\PDC60Module02.Android.csproj", "{F5501176-B3D0-479C-B510-55132C3F5706}"
EndProject
Project("{FAE04EC0-301F-11D3-BF4B-00C04F79EFBC}") = "PDC60Module02", "PDC60Module02\PDC60Module02\PDC60Module02.csproj", "{AE85EDA7-6357-493E-9883-30BFB916D61C}"
EndProject
Global
	GlobalSection(SolutionConfigurationPlatforms) = preSolution
		Debug|Any CPU = Debug|Any CPU
		Release|Any CPU = Release|Any CPU
	EndGlobalSection
	GlobalSection(ProjectConfigurationPlatforms) = postSolution
		{F5501176-B3D0-479C-B510-55132C3F5706}.Debug|Any CPU.ActiveCfg = Debug|Any CPU
		{F5501176-B3D0-479C-B510-55132C3F5706}.Debug|Any CPU.Build.0 = Debug|Any CPU
		{F5501176-B3D0-479C-B510-55132C3F5706}.Debug|Any CPU.Deploy.0 = Debug|Any CPU
		{F5501176-B3D0-479C-B510-55132C3F5706}.Release|Any CPU.ActiveCfg = Release|Any CPU
		{F5501176-B3D0-479C-B510-55132C3F5706}.Release|Any CPU.Build.0 = Release|Any CPU
		{F5501176-B3D0-479C-B510-55132C3F5706}.Release|Any CPU.Deploy.0 = Release|Any CPU
		{AE85EDA7-6357-493E-9883-30BFB916D61C}.Debug|Any CPU.ActiveCfg = Debug|Any CPU
		{AE85EDA7-6357-493E-9883-30BFB916D61C}.Debug|Any CPU.Build.0 = Debug|Any CPU
		{AE85EDA7-6357-493E-9883-30BFB916D61C}.Debug|Any CPU.Deploy.0 = Debug|Any CPU
		{AE85EDA7-6357-493E-9883-30BFB916D61C}.Release|Any CPU.ActiveCfg = Release|Any CPU
		{AE85EDA7-6357-493E-9883-30BFB916D61C}.Release|Any CPU.Build.0 = Release|Any CPU
		{AE85EDA7-6357-493E-9883-30BFB916D61C}.Release|Any CPU.Deploy.0 = Release|Any CPU
	EndGlobalSection
	GlobalSection(SolutionProperties) = preSolution
		HideSolutionNode = FALSE
	EndGlobalSection
	GlobalSection(ExtensibilityGlobals) = postSolution
		SolutionGuid = {6C0F69AE-AB30-4A64-B60C-574D415D6362}
	EndGlobalSection
EndGlobal
